{
  "requires": true,
  "lockfileVersion": 1,
  "dependencies": {
    "fsevents": {
      "version": "2.0.3",
      "resolved": "https://registry.npmjs.org/fsevents/-/fsevents-2.0.3.tgz",
      "integrity": "sha512-kbyPVQrgcnetW389rufw+WAl9szz0ougHcW6faFZ/RDESUwgmCWnzmXHONmdKSWiadtj6VaaewwhyX7ckL+itw=="
    }
  }
}
